
Microsoft Visual Studio Solution File, Format Version 12.00
# Visual Studio Version 17
VisualStudioVersion = 17.7.34221.43
MinimumVisualStudioVersion = 10.0.40219.1
Project("{FAE04EC0-301F-11D3-BF4B-00C04F79EFBC}") = "MySharedLibrary", "MySharedLibrary\MySharedLibrary.csproj", "{18EC235B-666A-49F0-9D34-50A2720BA209}"
EndProject
Project("{FAE04EC0-301F-11D3-BF4B-00C04F79EFBC}") = "MainApp", "MainApp\MainApp.csproj", "{90DD0288-2A05-4AF5-BAC7-082C945C8031}"
EndProject
Global
	GlobalSection(SolutionConfigurationPlatforms) = preSolution
		Debug|Any CPU = Debug|Any CPU
		Release|Any CPU = Release|Any CPU
	EndGlobalSection
	GlobalSection(ProjectConfigurationPlatforms) = postSolution
		{18EC235B-666A-49F0-9D34-50A2720BA209}.Debug|Any CPU.ActiveCfg = Debug|Any CPU
		{18EC235B-666A-49F0-9D34-50A2720BA209}.Debug|Any CPU.Build.0 = Debug|Any CPU
		{18EC235B-666A-49F0-9D34-50A2720BA209}.Release|Any CPU.ActiveCfg = Release|Any CPU
		{18EC235B-666A-49F0-9D34-50A2720BA209}.Release|Any CPU.Build.0 = Release|Any CPU
		{90DD0288-2A05-4AF5-BAC7-082C945C8031}.Debug|Any CPU.ActiveCfg = Debug|Any CPU
		{90DD0288-2A05-4AF5-BAC7-082C945C8031}.Debug|Any CPU.Build.0 = Debug|Any CPU
		{90DD0288-2A05-4AF5-BAC7-082C945C8031}.Release|Any CPU.ActiveCfg = Release|Any CPU
		{90DD0288-2A05-4AF5-BAC7-082C945C8031}.Release|Any CPU.Build.0 = Release|Any CPU
	EndGlobalSection
	GlobalSection(SolutionProperties) = preSolution
		HideSolutionNode = FALSE
	EndGlobalSection
	GlobalSection(ExtensibilityGlobals) = postSolution
		SolutionGuid = {D36ACF10-8362-4F5E-B0A9-936756E3499E}
	EndGlobalSection
EndGlobal
